
Microsoft Visual Studio Solution File, Format Version 12.00
# Visual Studio Version 16
VisualStudioVersion = 16.0.30114.105
MinimumVisualStudioVersion = 10.0.40219.1
Project("{FAE04EC0-301F-11D3-BF4B-00C04F79EFBC}") = "FEEngine", "FEEngine\FEEngine.csproj", "{12D08445-CC36-49EA-A89D-D3EECF9CF12B}"
EndProject
Project("{FAE04EC0-301F-11D3-BF4B-00C04F79EFBC}") = "FEEngine.Public", "FEEngine.Public\FEEngine.Public.csproj", "{473CD1AA-1236-429C-899E-DCE5337AE50D}"
EndProject
Project("{FAE04EC0-301F-11D3-BF4B-00C04F79EFBC}") = "FEEngine.Internal", "FEEngine.Internal\FEEngine.Internal.csproj", "{77CB62AA-A2A3-4365-A29B-2FC2B0E965FA}"
EndProject
Global
	GlobalSection(SolutionConfigurationPlatforms) = preSolution
		Debug|Any CPU = Debug|Any CPU
		Release|Any CPU = Release|Any CPU
	EndGlobalSection
	GlobalSection(SolutionProperties) = preSolution
		HideSolutionNode = FALSE
	EndGlobalSection
	GlobalSection(ProjectConfigurationPlatforms) = postSolution
		{12D08445-CC36-49EA-A89D-D3EECF9CF12B}.Debug|Any CPU.ActiveCfg = Debug|Any CPU
		{12D08445-CC36-49EA-A89D-D3EECF9CF12B}.Debug|Any CPU.Build.0 = Debug|Any CPU
		{12D08445-CC36-49EA-A89D-D3EECF9CF12B}.Release|Any CPU.ActiveCfg = Release|Any CPU
		{12D08445-CC36-49EA-A89D-D3EECF9CF12B}.Release|Any CPU.Build.0 = Release|Any CPU
		{473CD1AA-1236-429C-899E-DCE5337AE50D}.Debug|Any CPU.ActiveCfg = Debug|Any CPU
		{473CD1AA-1236-429C-899E-DCE5337AE50D}.Debug|Any CPU.Build.0 = Debug|Any CPU
		{473CD1AA-1236-429C-899E-DCE5337AE50D}.Release|Any CPU.ActiveCfg = Release|Any CPU
		{473CD1AA-1236-429C-899E-DCE5337AE50D}.Release|Any CPU.Build.0 = Release|Any CPU
		{77CB62AA-A2A3-4365-A29B-2FC2B0E965FA}.Debug|Any CPU.ActiveCfg = Debug|Any CPU
		{77CB62AA-A2A3-4365-A29B-2FC2B0E965FA}.Debug|Any CPU.Build.0 = Debug|Any CPU
		{77CB62AA-A2A3-4365-A29B-2FC2B0E965FA}.Release|Any CPU.ActiveCfg = Release|Any CPU
		{77CB62AA-A2A3-4365-A29B-2FC2B0E965FA}.Release|Any CPU.Build.0 = Release|Any CPU
	EndGlobalSection
EndGlobal
